
Microsoft Visual Studio Solution File, Format Version 12.00
# Visual Studio Version 17
VisualStudioVersion = 17.0.31717.71
MinimumVisualStudioVersion = 15.0.26124.0
Project("{2150E333-8FDC-42A3-9474-1A3956D46DE8}") = "Solution Items", "Solution Items", "{29C81B48-7ADA-4C89-B454-45B623039C09}"
	ProjectSection(SolutionItems) = preProject
		..\.editorconfig = ..\.editorconfig
	EndProjectSection
EndProject
Project("{9A19103F-16F7-4668-BE54-9A1E7A4F7556}") = "ThinkFunc.Effect.Abstractions", "ThinkFunc.Effect.Abstractions\ThinkFunc.Effect.Abstractions.csproj", "{C3CF872F-F3C9-4583-91E4-3B52BD45B151}"
EndProject
Project("{9A19103F-16F7-4668-BE54-9A1E7A4F7556}") = "ThinkFunc.Effect.Http", "ThinkFunc.Effect.Http\ThinkFunc.Effect.Http.csproj", "{4EC6E5F2-22DD-40F8-AC4F-3BDC7F76E1EE}"
EndProject
Project("{9A19103F-16F7-4668-BE54-9A1E7A4F7556}") = "ThinkFunc.Effect.Http.Tests", "ThinkFunc.Effect.Http.Tests\ThinkFunc.Effect.Http.Tests.csproj", "{3936967A-B9A8-4328-95B0-CA603077E58A}"
EndProject
Project("{9A19103F-16F7-4668-BE54-9A1E7A4F7556}") = "ThinkFunc.Effect.Http.StubApi", "ThinkFunc.Effect.Http.StubApi\ThinkFunc.Effect.Http.StubApi.csproj", "{46981036-49DD-428E-8B9B-A9C12F74BFB4}"
EndProject
Global
	GlobalSection(SolutionConfigurationPlatforms) = preSolution
		Debug|Any CPU = Debug|Any CPU
		Release|Any CPU = Release|Any CPU
	EndGlobalSection
	GlobalSection(ProjectConfigurationPlatforms) = postSolution
		{C3CF872F-F3C9-4583-91E4-3B52BD45B151}.Debug|Any CPU.ActiveCfg = Debug|Any CPU
		{C3CF872F-F3C9-4583-91E4-3B52BD45B151}.Debug|Any CPU.Build.0 = Debug|Any CPU
		{C3CF872F-F3C9-4583-91E4-3B52BD45B151}.Release|Any CPU.ActiveCfg = Release|Any CPU
		{C3CF872F-F3C9-4583-91E4-3B52BD45B151}.Release|Any CPU.Build.0 = Release|Any CPU
		{4EC6E5F2-22DD-40F8-AC4F-3BDC7F76E1EE}.Debug|Any CPU.ActiveCfg = Debug|Any CPU
		{4EC6E5F2-22DD-40F8-AC4F-3BDC7F76E1EE}.Debug|Any CPU.Build.0 = Debug|Any CPU
		{4EC6E5F2-22DD-40F8-AC4F-3BDC7F76E1EE}.Release|Any CPU.ActiveCfg = Release|Any CPU
		{4EC6E5F2-22DD-40F8-AC4F-3BDC7F76E1EE}.Release|Any CPU.Build.0 = Release|Any CPU
		{3936967A-B9A8-4328-95B0-CA603077E58A}.Debug|Any CPU.ActiveCfg = Debug|Any CPU
		{3936967A-B9A8-4328-95B0-CA603077E58A}.Debug|Any CPU.Build.0 = Debug|Any CPU
		{3936967A-B9A8-4328-95B0-CA603077E58A}.Release|Any CPU.ActiveCfg = Release|Any CPU
		{3936967A-B9A8-4328-95B0-CA603077E58A}.Release|Any CPU.Build.0 = Release|Any CPU
		{46981036-49DD-428E-8B9B-A9C12F74BFB4}.Debug|Any CPU.ActiveCfg = Debug|Any CPU
		{46981036-49DD-428E-8B9B-A9C12F74BFB4}.Debug|Any CPU.Build.0 = Debug|Any CPU
		{46981036-49DD-428E-8B9B-A9C12F74BFB4}.Release|Any CPU.ActiveCfg = Release|Any CPU
		{46981036-49DD-428E-8B9B-A9C12F74BFB4}.Release|Any CPU.Build.0 = Release|Any CPU
	EndGlobalSection
	GlobalSection(SolutionProperties) = preSolution
		HideSolutionNode = FALSE
	EndGlobalSection
	GlobalSection(ExtensibilityGlobals) = postSolution
		SolutionGuid = {EBF86A4A-E639-4F62-AAEE-EAD045707B45}
	EndGlobalSection
EndGlobal
